
Microsoft Visual Studio Solution File, Format Version 12.00
# Visual Studio 2013
VisualStudioVersion = 12.0.31101.0
MinimumVisualStudioVersion = 10.0.40219.1
Project("{FAE04EC0-301F-11D3-BF4B-00C04F79EFBC}") = "Nancy.Validation.DataAnnotations.Extensions", "src\Nancy.Validation.DataAnnotations.Extensions\Nancy.Validation.DataAnnotations.Extensions.csproj", "{46024D2C-ED52-44D4-A15F-EF17E95A7C1F}"
EndProject
Project("{FAE04EC0-301F-11D3-BF4B-00C04F79EFBC}") = "Nancy.Validation.DataAnnotations.Extensions.Tests", "test\Nancy.Validation.DataAnnotations.Extensions.Tests\Nancy.Validation.DataAnnotations.Extensions.Tests.csproj", "{60C99AB1-8515-4DFD-8C84-AA10CDF53ECB}"
EndProject
Project("{2150E333-8FDC-42A3-9474-1A3956D46DE8}") = "tests", "tests", "{35B9A7BA-86D3-45E7-879B-9A01286F8506}"
EndProject
Project("{2150E333-8FDC-42A3-9474-1A3956D46DE8}") = "Solution Items", "Solution Items", "{3B87F77B-F725-4783-B389-A06F0D58F331}"
	ProjectSection(SolutionItems) = preProject
		LICENSE = LICENSE
		README.md = README.md
		WE-Markdown.css = WE-Markdown.css
	EndProjectSection
EndProject
Global
	GlobalSection(SolutionConfigurationPlatforms) = preSolution
		Debug|Any CPU = Debug|Any CPU
		Release|Any CPU = Release|Any CPU
	EndGlobalSection
	GlobalSection(ProjectConfigurationPlatforms) = postSolution
		{46024D2C-ED52-44D4-A15F-EF17E95A7C1F}.Debug|Any CPU.ActiveCfg = Debug|Any CPU
		{46024D2C-ED52-44D4-A15F-EF17E95A7C1F}.Debug|Any CPU.Build.0 = Debug|Any CPU
		{46024D2C-ED52-44D4-A15F-EF17E95A7C1F}.Release|Any CPU.ActiveCfg = Release|Any CPU
		{46024D2C-ED52-44D4-A15F-EF17E95A7C1F}.Release|Any CPU.Build.0 = Release|Any CPU
		{60C99AB1-8515-4DFD-8C84-AA10CDF53ECB}.Debug|Any CPU.ActiveCfg = Debug|Any CPU
		{60C99AB1-8515-4DFD-8C84-AA10CDF53ECB}.Debug|Any CPU.Build.0 = Debug|Any CPU
		{60C99AB1-8515-4DFD-8C84-AA10CDF53ECB}.Release|Any CPU.ActiveCfg = Release|Any CPU
		{60C99AB1-8515-4DFD-8C84-AA10CDF53ECB}.Release|Any CPU.Build.0 = Release|Any CPU
	EndGlobalSection
	GlobalSection(SolutionProperties) = preSolution
		HideSolutionNode = FALSE
	EndGlobalSection
	GlobalSection(NestedProjects) = preSolution
		{60C99AB1-8515-4DFD-8C84-AA10CDF53ECB} = {35B9A7BA-86D3-45E7-879B-9A01286F8506}
	EndGlobalSection
EndGlobal
